
Microsoft Visual Studio Solution File, Format Version 12.00
# Visual Studio Version 17
VisualStudioVersion = 17.3.32929.385
MinimumVisualStudioVersion = 10.0.40219.1
Project("{2150E333-8FDC-42A3-9474-1A3956D46DE8}") = "Singleton", "Singleton", "{6BC61982-9784-4F53-A621-00B7CAF5E22B}"
EndProject
Project("{FAE04EC0-301F-11D3-BF4B-00C04F79EFBC}") = "Logger", "Singleton\Logger\Logger.csproj", "{966DDB39-E92D-48CE-9160-6135C300F3BE}"
EndProject
Global
	GlobalSection(SolutionConfigurationPlatforms) = preSolution
		Debug|Any CPU = Debug|Any CPU
		Release|Any CPU = Release|Any CPU
	EndGlobalSection
	GlobalSection(ProjectConfigurationPlatforms) = postSolution
		{966DDB39-E92D-48CE-9160-6135C300F3BE}.Debug|Any CPU.ActiveCfg = Debug|Any CPU
		{966DDB39-E92D-48CE-9160-6135C300F3BE}.Debug|Any CPU.Build.0 = Debug|Any CPU
		{966DDB39-E92D-48CE-9160-6135C300F3BE}.Release|Any CPU.ActiveCfg = Release|Any CPU
		{966DDB39-E92D-48CE-9160-6135C300F3BE}.Release|Any CPU.Build.0 = Release|Any CPU
	EndGlobalSection
	GlobalSection(SolutionProperties) = preSolution
		HideSolutionNode = FALSE
	EndGlobalSection
	GlobalSection(NestedProjects) = preSolution
		{966DDB39-E92D-48CE-9160-6135C300F3BE} = {6BC61982-9784-4F53-A621-00B7CAF5E22B}
	EndGlobalSection
	GlobalSection(ExtensibilityGlobals) = postSolution
		SolutionGuid = {D724FDB8-BDCA-4BDF-B2AC-813D03F3F9F4}
	EndGlobalSection
EndGlobal
